
Microsoft Visual Studio Solution File, Format Version 12.00
# Visual Studio Version 17
VisualStudioVersion = 17.11.35222.181
MinimumVisualStudioVersion = 10.0.40219.1
Project("{FAE04EC0-301F-11D3-BF4B-00C04F79EFBC}") = "GymSystem", "GymSystem.csproj", "{901CC762-0A22-4CA0-9662-29E1F8C322A0}"
EndProject
Global
	GlobalSection(SolutionConfigurationPlatforms) = preSolution
		Debug|Any CPU = Debug|Any CPU
		Release|Any CPU = Release|Any CPU
	EndGlobalSection
	GlobalSection(ProjectConfigurationPlatforms) = postSolution
		{901CC762-0A22-4CA0-9662-29E1F8C322A0}.Debug|Any CPU.ActiveCfg = Debug|Any CPU
		{901CC762-0A22-4CA0-9662-29E1F8C322A0}.Debug|Any CPU.Build.0 = Debug|Any CPU
		{901CC762-0A22-4CA0-9662-29E1F8C322A0}.Release|Any CPU.ActiveCfg = Release|Any CPU
		{901CC762-0A22-4CA0-9662-29E1F8C322A0}.Release|Any CPU.Build.0 = Release|Any CPU
	EndGlobalSection
	GlobalSection(SolutionProperties) = preSolution
		HideSolutionNode = FALSE
	EndGlobalSection
	GlobalSection(ExtensibilityGlobals) = postSolution
		SolutionGuid = {418736C4-2EB9-4203-B133-FBDD43C4DC75}
	EndGlobalSection
EndGlobal
